
Microsoft Visual Studio Solution File, Format Version 12.00
Project("{FAE04EC0-301F-11D3-BF4B-00C04F79EFBC}") = "Comite", "Comite\Comite.csproj", "{48C22B71-C8E8-406E-B9AF-D3E3F7C16937}"
EndProject
Global
	GlobalSection(SolutionConfigurationPlatforms) = preSolution
		Debug|Any CPU = Debug|Any CPU
		Release|Any CPU = Release|Any CPU
	EndGlobalSection
	GlobalSection(ProjectConfigurationPlatforms) = postSolution
		{48C22B71-C8E8-406E-B9AF-D3E3F7C16937}.Debug|Any CPU.ActiveCfg = Debug|Any CPU
		{48C22B71-C8E8-406E-B9AF-D3E3F7C16937}.Debug|Any CPU.Build.0 = Debug|Any CPU
		{48C22B71-C8E8-406E-B9AF-D3E3F7C16937}.Release|Any CPU.ActiveCfg = Release|Any CPU
		{48C22B71-C8E8-406E-B9AF-D3E3F7C16937}.Release|Any CPU.Build.0 = Release|Any CPU
	EndGlobalSection
EndGlobal
